// !$*UTF8*$!
{
	archiveVersion = 1;
	classes = {
	};
	objectVersion = 56;
	objects = {

/* Begin PBXBuildFile section */
		847F0ADA29A7E44F003A8F22 /* AppDelegate.swift in Sources */ = {isa = PBXBuildFile; fileRef = 847F0AD929A7E44F003A8F22 /* AppDelegate.swift */; };
		847F0ADE29A7E44F003A8F22 /* MovieListViewController.swift in Sources */ = {isa = PBXBuildFile; fileRef = 847F0ADD29A7E44F003A8F22 /* MovieListViewController.swift */; };
		847F0AE329A7E450003A8F22 /* Assets.xcassets in Resources */ = {isa = PBXBuildFile; fileRef = 847F0AE229A7E450003A8F22 /* Assets.xcassets */; };
		847F0AF129A7E450003A8F22 /* MovieListTests.swift in Sources */ = {isa = PBXBuildFile; fileRef = 847F0AF029A7E450003A8F22 /* MovieListTests.swift */; };
		847F0AFB29A7E450003A8F22 /* MovieListUITests.swift in Sources */ = {isa = PBXBuildFile; fileRef = 847F0AFA29A7E450003A8F22 /* MovieListUITests.swift */; };
		847F0AFD29A7E450003A8F22 /* MovieListUITestsLaunchTests.swift in Sources */ = {isa = PBXBuildFile; fileRef = 847F0AFC29A7E450003A8F22 /* MovieListUITestsLaunchTests.swift */; };
		847F0B1129A7F4C3003A8F22 /* BaseViewController.swift in Sources */ = {isa = PBXBuildFile; fileRef = 847F0B1029A7F4C3003A8F22 /* BaseViewController.swift */; };
		847F0B1429A7F527003A8F22 /* TinyConstraints in Frameworks */ = {isa = PBXBuildFile; productRef = 847F0B1329A7F527003A8F22 /* TinyConstraints */; };
		847F0B1629A7F561003A8F22 /* BaseViewModel.swift in Sources */ = {isa = PBXBuildFile; fileRef = 847F0B1529A7F561003A8F22 /* BaseViewModel.swift */; };
		847F0B1829A7F666003A8F22 /* BaseRouter.swift in Sources */ = {isa = PBXBuildFile; fileRef = 847F0B1729A7F666003A8F22 /* BaseRouter.swift */; };
		847F0B1A29A7F6AF003A8F22 /* ClosuresHelper.swift in Sources */ = {isa = PBXBuildFile; fileRef = 847F0B1929A7F6AF003A8F22 /* ClosuresHelper.swift */; };
		847F0B1C29A7F70A003A8F22 /* TransitionHelper.swift in Sources */ = {isa = PBXBuildFile; fileRef = 847F0B1B29A7F70A003A8F22 /* TransitionHelper.swift */; };
		847F0B1E29A7FBF1003A8F22 /* MovieListViewModel.swift in Sources */ = {isa = PBXBuildFile; fileRef = 847F0B1D29A7FBF1003A8F22 /* MovieListViewModel.swift */; };
		847F0B2029A7FC06003A8F22 /* MovieListRouter.swift in Sources */ = {isa = PBXBuildFile; fileRef = 847F0B1F29A7FC06003A8F22 /* MovieListRouter.swift */; };
		847F0B2329A7FC88003A8F22 /* MovieDetailViewController.swift in Sources */ = {isa = PBXBuildFile; fileRef = 847F0B2229A7FC88003A8F22 /* MovieDetailViewController.swift */; };
		847F0B2529A7FC93003A8F22 /* MovieDetailViewModel.swift in Sources */ = {isa = PBXBuildFile; fileRef = 847F0B2429A7FC93003A8F22 /* MovieDetailViewModel.swift */; };
		847F0B2729A7FC9F003A8F22 /* MovieDetailRouter.swift in Sources */ = {isa = PBXBuildFile; fileRef = 847F0B2629A7FC9F003A8F22 /* MovieDetailRouter.swift */; };
		847F0B2A29A7FD2F003A8F22 /* MovieDetailRoute.swift in Sources */ = {isa = PBXBuildFile; fileRef = 847F0B2929A7FD2F003A8F22 /* MovieDetailRoute.swift */; };
		847F0B2F29A81C44003A8F22 /* MovieService.swift in Sources */ = {isa = PBXBuildFile; fileRef = 847F0B2E29A81C44003A8F22 /* MovieService.swift */; };
		847F0B3129A81C51003A8F22 /* MovieRequest.swift in Sources */ = {isa = PBXBuildFile; fileRef = 847F0B3029A81C51003A8F22 /* MovieRequest.swift */; };
		847F0B3629A81E45003A8F22 /* Costansts.swift in Sources */ = {isa = PBXBuildFile; fileRef = 847F0B3529A81E45003A8F22 /* Costansts.swift */; };
		847F0B3829A82C18003A8F22 /* Movie.swift in Sources */ = {isa = PBXBuildFile; fileRef = 847F0B3729A82C18003A8F22 /* Movie.swift */; };
		847F0B3B29A8B84E003A8F22 /* MovieCollectionViewCell.swift in Sources */ = {isa = PBXBuildFile; fileRef = 847F0B3A29A8B84E003A8F22 /* MovieCollectionViewCell.swift */; };
		847F0B3D29A8B85A003A8F22 /* MovieCollectionViewCellModel.swift in Sources */ = {isa = PBXBuildFile; fileRef = 847F0B3C29A8B85A003A8F22 /* MovieCollectionViewCellModel.swift */; };
		847F0B4229A8B9C5003A8F22 /* UIImageView+Extension.swift in Sources */ = {isa = PBXBuildFile; fileRef = 847F0B4129A8B9C5003A8F22 /* UIImageView+Extension.swift */; };
		847F0B4429A8BD89003A8F22 /* BaseCollectionViewCell.swift in Sources */ = {isa = PBXBuildFile; fileRef = 847F0B4329A8BD89003A8F22 /* BaseCollectionViewCell.swift */; };
		847F0B4629A8BE18003A8F22 /* ReusableHelper.swift in Sources */ = {isa = PBXBuildFile; fileRef = 847F0B4529A8BE18003A8F22 /* ReusableHelper.swift */; };
		847F0B4829A8BE4D003A8F22 /* UIView+Extension.swift in Sources */ = {isa = PBXBuildFile; fileRef = 847F0B4729A8BE4D003A8F22 /* UIView+Extension.swift */; };
		847F0B4A29A8C58D003A8F22 /* UICollectionView+Extension.swift in Sources */ = {isa = PBXBuildFile; fileRef = 847F0B4929A8C58D003A8F22 /* UICollectionView+Extension.swift */; };
		847F0B4C29A8C8F0003A8F22 /* Double+Extension.swift in Sources */ = {isa = PBXBuildFile; fileRef = 847F0B4B29A8C8EF003A8F22 /* Double+Extension.swift */; };
		847F0B4E29A8D870003A8F22 /* CGSize+Extension.swift in Sources */ = {isa = PBXBuildFile; fileRef = 847F0B4D29A8D870003A8F22 /* CGSize+Extension.swift */; };
		847F0B5029A8E7D9003A8F22 /* CGFloat+Extension.swift in Sources */ = {isa = PBXBuildFile; fileRef = 847F0B4F29A8E7D9003A8F22 /* CGFloat+Extension.swift */; };
		847F0B5229A8E9AD003A8F22 /* UIFont+Extension.swift in Sources */ = {isa = PBXBuildFile; fileRef = 847F0B5129A8E9AD003A8F22 /* UIFont+Extension.swift */; };
		847F0B5429A8EE80003A8F22 /* Float+Extension.swift in Sources */ = {isa = PBXBuildFile; fileRef = 847F0B5329A8EE80003A8F22 /* Float+Extension.swift */; };
		847F0B5729A8F758003A8F22 /* L10n.swift in Sources */ = {isa = PBXBuildFile; fileRef = 847F0B5629A8F758003A8F22 /* L10n.swift */; };
		847F0B5A29A8FA7C003A8F22 /* Localizable.strings in Resources */ = {isa = PBXBuildFile; fileRef = 847F0B5C29A8FA7C003A8F22 /* Localizable.strings */; };
/* End PBXBuildFile section */

/* Begin PBXContainerItemProxy section */
		847F0AED29A7E450003A8F22 /* PBXContainerItemProxy */ = {
			isa = PBXContainerItemProxy;
			containerPortal = 847F0ACE29A7E44F003A8F22 /* Project object */;
			proxyType = 1;
			remoteGlobalIDString = 847F0AD529A7E44F003A8F22;
			remoteInfo = MovieList;
		};
		847F0AF729A7E450003A8F22 /* PBXContainerItemProxy */ = {
			isa = PBXContainerItemProxy;
			containerPortal = 847F0ACE29A7E44F003A8F22 /* Project object */;
			proxyType = 1;
			remoteGlobalIDString = 847F0AD529A7E44F003A8F22;
			remoteInfo = MovieList;
		};
/* End PBXContainerItemProxy section */

/* Begin PBXFileReference section */
		847F0AD629A7E44F003A8F22 /* MovieList.app */ = {isa = PBXFileReference; explicitFileType = wrapper.application; includeInIndex = 0; path = MovieList.app; sourceTree = BUILT_PRODUCTS_DIR; };
		847F0AD929A7E44F003A8F22 /* AppDelegate.swift */ = {isa = PBXFileReference; lastKnownFileType = sourcecode.swift; path = AppDelegate.swift; sourceTree = "<group>"; };
		847F0ADD29A7E44F003A8F22 /* MovieListViewController.swift */ = {isa = PBXFileReference; lastKnownFileType = sourcecode.swift; path = MovieListViewController.swift; sourceTree = "<group>"; };
		847F0AE229A7E450003A8F22 /* Assets.xcassets */ = {isa = PBXFileReference; lastKnownFileType = folder.assetcatalog; path = Assets.xcassets; sourceTree = "<group>"; };
		847F0AE729A7E450003A8F22 /* Info.plist */ = {isa = PBXFileReference; lastKnownFileType = text.plist.xml; path = Info.plist; sourceTree = "<group>"; };
		847F0AEC29A7E450003A8F22 /* MovieListTests.xctest */ = {isa = PBXFileReference; explicitFileType = wrapper.cfbundle; includeInIndex = 0; path = MovieListTests.xctest; sourceTree = BUILT_PRODUCTS_DIR; };
		847F0AF029A7E450003A8F22 /* MovieListTests.swift */ = {isa = PBXFileReference; lastKnownFileType = sourcecode.swift; path = MovieListTests.swift; sourceTree = "<group>"; };
		847F0AF629A7E450003A8F22 /* MovieListUITests.xctest */ = {isa = PBXFileReference; explicitFileType = wrapper.cfbundle; includeInIndex = 0; path = MovieListUITests.xctest; sourceTree = BUILT_PRODUCTS_DIR; };
		847F0AFA29A7E450003A8F22 /* MovieListUITests.swift */ = {isa = PBXFileReference; lastKnownFileType = sourcecode.swift; path = MovieListUITests.swift; sourceTree = "<group>"; };
		847F0AFC29A7E450003A8F22 /* MovieListUITestsLaunchTests.swift */ = {isa = PBXFileReference; lastKnownFileType = sourcecode.swift; path = MovieListUITestsLaunchTests.swift; sourceTree = "<group>"; };
		847F0B1029A7F4C3003A8F22 /* BaseViewController.swift */ = {isa = PBXFileReference; lastKnownFileType = sourcecode.swift; path = BaseViewController.swift; sourceTree = "<group>"; };
		847F0B1529A7F561003A8F22 /* BaseViewModel.swift */ = {isa = PBXFileReference; lastKnownFileType = sourcecode.swift; path = BaseViewModel.swift; sourceTree = "<group>"; };
		847F0B1729A7F666003A8F22 /* BaseRouter.swift */ = {isa = PBXFileReference; lastKnownFileType = sourcecode.swift; path = BaseRouter.swift; sourceTree = "<group>"; };
		847F0B1929A7F6AF003A8F22 /* ClosuresHelper.swift */ = {isa = PBXFileReference; lastKnownFileType = sourcecode.swift; path = ClosuresHelper.swift; sourceTree = "<group>"; };
		847F0B1B29A7F70A003A8F22 /* TransitionHelper.swift */ = {isa = PBXFileReference; lastKnownFileType = sourcecode.swift; path = TransitionHelper.swift; sourceTree = "<group>"; };
		847F0B1D29A7FBF1003A8F22 /* MovieListViewModel.swift */ = {isa = PBXFileReference; lastKnownFileType = sourcecode.swift; path = MovieListViewModel.swift; sourceTree = "<group>"; };
		847F0B1F29A7FC06003A8F22 /* MovieListRouter.swift */ = {isa = PBXFileReference; lastKnownFileType = sourcecode.swift; path = MovieListRouter.swift; sourceTree = "<group>"; };
		847F0B2229A7FC88003A8F22 /* MovieDetailViewController.swift */ = {isa = PBXFileReference; lastKnownFileType = sourcecode.swift; path = MovieDetailViewController.swift; sourceTree = "<group>"; };
		847F0B2429A7FC93003A8F22 /* MovieDetailViewModel.swift */ = {isa = PBXFileReference; lastKnownFileType = sourcecode.swift; path = MovieDetailViewModel.swift; sourceTree = "<group>"; };
		847F0B2629A7FC9F003A8F22 /* MovieDetailRouter.swift */ = {isa = PBXFileReference; lastKnownFileType = sourcecode.swift; path = MovieDetailRouter.swift; sourceTree = "<group>"; };
		847F0B2929A7FD2F003A8F22 /* MovieDetailRoute.swift */ = {isa = PBXFileReference; lastKnownFileType = sourcecode.swift; path = MovieDetailRoute.swift; sourceTree = "<group>"; };
		847F0B2E29A81C44003A8F22 /* MovieService.swift */ = {isa = PBXFileReference; lastKnownFileType = sourcecode.swift; path = MovieService.swift; sourceTree = "<group>"; };
		847F0B3029A81C51003A8F22 /* MovieRequest.swift */ = {isa = PBXFileReference; lastKnownFileType = sourcecode.swift; path = MovieRequest.swift; sourceTree = "<group>"; };
		847F0B3529A81E45003A8F22 /* Costansts.swift */ = {isa = PBXFileReference; lastKnownFileType = sourcecode.swift; path = Costansts.swift; sourceTree = "<group>"; };
		847F0B3729A82C18003A8F22 /* Movie.swift */ = {isa = PBXFileReference; lastKnownFileType = sourcecode.swift; path = Movie.swift; sourceTree = "<group>"; };
		847F0B3A29A8B84E003A8F22 /* MovieCollectionViewCell.swift */ = {isa = PBXFileReference; lastKnownFileType = sourcecode.swift; path = MovieCollectionViewCell.swift; sourceTree = "<group>"; };
		847F0B3C29A8B85A003A8F22 /* MovieCollectionViewCellModel.swift */ = {isa = PBXFileReference; lastKnownFileType = sourcecode.swift; path = MovieCollectionViewCellModel.swift; sourceTree = "<group>"; };
		847F0B4129A8B9C5003A8F22 /* UIImageView+Extension.swift */ = {isa = PBXFileReference; lastKnownFileType = sourcecode.swift; path = "UIImageView+Extension.swift"; sourceTree = "<group>"; };
		847F0B4329A8BD89003A8F22 /* BaseCollectionViewCell.swift */ = {isa = PBXFileReference; lastKnownFileType = sourcecode.swift; path = BaseCollectionViewCell.swift; sourceTree = "<group>"; };
		847F0B4529A8BE18003A8F22 /* ReusableHelper.swift */ = {isa = PBXFileReference; lastKnownFileType = sourcecode.swift; path = ReusableHelper.swift; sourceTree = "<group>"; };
		847F0B4729A8BE4D003A8F22 /* UIView+Extension.swift */ = {isa = PBXFileReference; lastKnownFileType = sourcecode.swift; path = "UIView+Extension.swift"; sourceTree = "<group>"; };
		847F0B4929A8C58D003A8F22 /* UICollectionView+Extension.swift */ = {isa = PBXFileReference; lastKnownFileType = sourcecode.swift; path = "UICollectionView+Extension.swift"; sourceTree = "<group>"; };
		847F0B4B29A8C8EF003A8F22 /* Double+Extension.swift */ = {isa = PBXFileReference; lastKnownFileType = sourcecode.swift; path = "Double+Extension.swift"; sourceTree = "<group>"; };
		847F0B4D29A8D870003A8F22 /* CGSize+Extension.swift */ = {isa = PBXFileReference; lastKnownFileType = sourcecode.swift; path = "CGSize+Extension.swift"; sourceTree = "<group>"; };
		847F0B4F29A8E7D9003A8F22 /* CGFloat+Extension.swift */ = {isa = PBXFileReference; lastKnownFileType = sourcecode.swift; path = "CGFloat+Extension.swift"; sourceTree = "<group>"; };
		847F0B5129A8E9AD003A8F22 /* UIFont+Extension.swift */ = {isa = PBXFileReference; lastKnownFileType = sourcecode.swift; path = "UIFont+Extension.swift"; sourceTree = "<group>"; };
		847F0B5329A8EE80003A8F22 /* Float+Extension.swift */ = {isa = PBXFileReference; lastKnownFileType = sourcecode.swift; path = "Float+Extension.swift"; sourceTree = "<group>"; };
		847F0B5629A8F758003A8F22 /* L10n.swift */ = {isa = PBXFileReference; lastKnownFileType = sourcecode.swift; path = L10n.swift; sourceTree = "<group>"; };
		847F0B5B29A8FA7C003A8F22 /* en */ = {isa = PBXFileReference; lastKnownFileType = text.plist.strings; name = en; path = en.lproj/Localizable.strings; sourceTree = "<group>"; };
/* End PBXFileReference section */

/* Begin PBXFrameworksBuildPhase section */
		847F0AD329A7E44F003A8F22 /* Frameworks */ = {
			isa = PBXFrameworksBuildPhase;
			buildActionMask = 2147483647;
			files = (
				847F0B1429A7F527003A8F22 /* TinyConstraints in Frameworks */,
			);
			runOnlyForDeploymentPostprocessing = 0;
		};
		847F0AE929A7E450003A8F22 /* Frameworks */ = {
			isa = PBXFrameworksBuildPhase;
			buildActionMask = 2147483647;
			files = (
			);
			runOnlyForDeploymentPostprocessing = 0;
		};
		847F0AF329A7E450003A8F22 /* Frameworks */ = {
			isa = PBXFrameworksBuildPhase;
			buildActionMask = 2147483647;
			files = (
			);
			runOnlyForDeploymentPostprocessing = 0;
		};
/* End PBXFrameworksBuildPhase section */

/* Begin PBXGroup section */
		847F0ACD29A7E44F003A8F22 = {
			isa = PBXGroup;
			children = (
				847F0AD829A7E44F003A8F22 /* MovieList */,
				847F0AEF29A7E450003A8F22 /* MovieListTests */,
				847F0AF929A7E450003A8F22 /* MovieListUITests */,
				847F0AD729A7E44F003A8F22 /* Products */,
			);
			sourceTree = "<group>";
		};
		847F0AD729A7E44F003A8F22 /* Products */ = {
			isa = PBXGroup;
			children = (
				847F0AD629A7E44F003A8F22 /* MovieList.app */,
				847F0AEC29A7E450003A8F22 /* MovieListTests.xctest */,
				847F0AF629A7E450003A8F22 /* MovieListUITests.xctest */,
			);
			name = Products;
			sourceTree = "<group>";
		};
		847F0AD829A7E44F003A8F22 /* MovieList */ = {
			isa = PBXGroup;
			children = (
				847F0B3929A8B82F003A8F22 /* CustomViews */,
				847F0B0E29A7F433003A8F22 /* AppDelegate */,
				847F0B0D29A7F26B003A8F22 /* DataProvider */,
				847F0B0B29A7F203003A8F22 /* Scenes */,
				847F0B0A29A7F1FA003A8F22 /* Resources */,
				847F0B0929A7F1F3003A8F22 /* Helper */,
				847F0AE729A7E450003A8F22 /* Info.plist */,
			);
			path = MovieList;
			sourceTree = "<group>";
		};
		847F0AEF29A7E450003A8F22 /* MovieListTests */ = {
			isa = PBXGroup;
			children = (
				847F0AF029A7E450003A8F22 /* MovieListTests.swift */,
			);
			path = MovieListTests;
			sourceTree = "<group>";
		};
		847F0AF929A7E450003A8F22 /* MovieListUITests */ = {
			isa = PBXGroup;
			children = (
				847F0AFA29A7E450003A8F22 /* MovieListUITests.swift */,
				847F0AFC29A7E450003A8F22 /* MovieListUITestsLaunchTests.swift */,
			);
			path = MovieListUITests;
			sourceTree = "<group>";
		};
		847F0B0929A7F1F3003A8F22 /* Helper */ = {
			isa = PBXGroup;
			children = (
				847F0B4029A8B9AD003A8F22 /* Extensions */,
				847F0B3429A81E2F003A8F22 /* Costants */,
				847F0B2829A7FCFC003A8F22 /* Routing */,
				847F0B0F29A7F4B3003A8F22 /* Bases */,
				847F0B1929A7F6AF003A8F22 /* ClosuresHelper.swift */,
				847F0B1B29A7F70A003A8F22 /* TransitionHelper.swift */,
				847F0B4529A8BE18003A8F22 /* ReusableHelper.swift */,
			);
			path = Helper;
			sourceTree = "<group>";
		};
		847F0B0A29A7F1FA003A8F22 /* Resources */ = {
			isa = PBXGroup;
			children = (
				847F0B5529A8F73F003A8F22 /* Texts */,
				847F0AE229A7E450003A8F22 /* Assets.xcassets */,
			);
			path = Resources;
			sourceTree = "<group>";
		};
		847F0B0B29A7F203003A8F22 /* Scenes */ = {
			isa = PBXGroup;
			children = (
				847F0B2129A7FC76003A8F22 /* MovieDetail */,
				847F0B0C29A7F230003A8F22 /* MovieList */,
			);
			path = Scenes;
			sourceTree = "<group>";
		};
		847F0B0C29A7F230003A8F22 /* MovieList */ = {
			isa = PBXGroup;
			children = (
				847F0ADD29A7E44F003A8F22 /* MovieListViewController.swift */,
				847F0B1D29A7FBF1003A8F22 /* MovieListViewModel.swift */,
				847F0B1F29A7FC06003A8F22 /* MovieListRouter.swift */,
			);
			path = MovieList;
			sourceTree = "<group>";
		};
		847F0B0D29A7F26B003A8F22 /* DataProvider */ = {
			isa = PBXGroup;
			children = (
				847F0B2D29A81C21003A8F22 /* APIClient */,
				847F0B2B29A81BE8003A8F22 /* Models */,
			);
			path = DataProvider;
			sourceTree = "<group>";
		};
		847F0B0E29A7F433003A8F22 /* AppDelegate */ = {
			isa = PBXGroup;
			children = (
				847F0AD929A7E44F003A8F22 /* AppDelegate.swift */,
			);
			path = AppDelegate;
			sourceTree = "<group>";
		};
		847F0B0F29A7F4B3003A8F22 /* Bases */ = {
			isa = PBXGroup;
			children = (
				847F0B1029A7F4C3003A8F22 /* BaseViewController.swift */,
				847F0B1529A7F561003A8F22 /* BaseViewModel.swift */,
				847F0B1729A7F666003A8F22 /* BaseRouter.swift */,
				847F0B4329A8BD89003A8F22 /* BaseCollectionViewCell.swift */,
			);
			path = Bases;
			sourceTree = "<group>";
		};
		847F0B2129A7FC76003A8F22 /* MovieDetail */ = {
			isa = PBXGroup;
			children = (
				847F0B2229A7FC88003A8F22 /* MovieDetailViewController.swift */,
				847F0B2429A7FC93003A8F22 /* MovieDetailViewModel.swift */,
				847F0B2629A7FC9F003A8F22 /* MovieDetailRouter.swift */,
			);
			path = MovieDetail;
			sourceTree = "<group>";
		};
		847F0B2829A7FCFC003A8F22 /* Routing */ = {
			isa = PBXGroup;
			children = (
				847F0B2929A7FD2F003A8F22 /* MovieDetailRoute.swift */,
			);
			path = Routing;
			sourceTree = "<group>";
		};
		847F0B2B29A81BE8003A8F22 /* Models */ = {
			isa = PBXGroup;
			children = (
				847F0B3729A82C18003A8F22 /* Movie.swift */,
			);
			path = Models;
			sourceTree = "<group>";
		};
		847F0B2D29A81C21003A8F22 /* APIClient */ = {
			isa = PBXGroup;
			children = (
				847F0B2E29A81C44003A8F22 /* MovieService.swift */,
				847F0B3029A81C51003A8F22 /* MovieRequest.swift */,
			);
			path = APIClient;
			sourceTree = "<group>";
		};
		847F0B3429A81E2F003A8F22 /* Costants */ = {
			isa = PBXGroup;
			children = (
				847F0B3529A81E45003A8F22 /* Costansts.swift */,
			);
			path = Costants;
			sourceTree = "<group>";
		};
		847F0B3929A8B82F003A8F22 /* CustomViews */ = {
			isa = PBXGroup;
			children = (
				847F0B3F29A8B87F003A8F22 /* Views */,
				847F0B3E29A8B879003A8F22 /* Cells */,
			);
			path = CustomViews;
			sourceTree = "<group>";
		};
		847F0B3E29A8B879003A8F22 /* Cells */ = {
			isa = PBXGroup;
			children = (
				847F0B3A29A8B84E003A8F22 /* MovieCollectionViewCell.swift */,
				847F0B3C29A8B85A003A8F22 /* MovieCollectionViewCellModel.swift */,
			);
			path = Cells;
			sourceTree = "<group>";
		};
		847F0B3F29A8B87F003A8F22 /* Views */ = {
			isa = PBXGroup;
			children = (
			);
			path = Views;
			sourceTree = "<group>";
		};
		847F0B4029A8B9AD003A8F22 /* Extensions */ = {
			isa = PBXGroup;
			children = (
				847F0B4129A8B9C5003A8F22 /* UIImageView+Extension.swift */,
				847F0B4729A8BE4D003A8F22 /* UIView+Extension.swift */,
				847F0B4929A8C58D003A8F22 /* UICollectionView+Extension.swift */,
				847F0B4B29A8C8EF003A8F22 /* Double+Extension.swift */,
				847F0B4D29A8D870003A8F22 /* CGSize+Extension.swift */,
				847F0B4F29A8E7D9003A8F22 /* CGFloat+Extension.swift */,
				847F0B5129A8E9AD003A8F22 /* UIFont+Extension.swift */,
				847F0B5329A8EE80003A8F22 /* Float+Extension.swift */,
			);
			path = Extensions;
			sourceTree = "<group>";
		};
		847F0B5529A8F73F003A8F22 /* Texts */ = {
			isa = PBXGroup;
			children = (
				847F0B5629A8F758003A8F22 /* L10n.swift */,
				847F0B5C29A8FA7C003A8F22 /* Localizable.strings */,
			);
			path = Texts;
			sourceTree = "<group>";
		};
/* End PBXGroup section */

/* Begin PBXNativeTarget section */
		847F0AD529A7E44F003A8F22 /* MovieList */ = {
			isa = PBXNativeTarget;
			buildConfigurationList = 847F0B0029A7E450003A8F22 /* Build configuration list for PBXNativeTarget "MovieList" */;
			buildPhases = (
				847F0AD229A7E44F003A8F22 /* Sources */,
				847F0AD329A7E44F003A8F22 /* Frameworks */,
				847F0AD429A7E44F003A8F22 /* Resources */,
			);
			buildRules = (
			);
			dependencies = (
			);
			name = MovieList;
			packageProductDependencies = (
				847F0B1329A7F527003A8F22 /* TinyConstraints */,
			);
			productName = MovieList;
			productReference = 847F0AD629A7E44F003A8F22 /* MovieList.app */;
			productType = "com.apple.product-type.application";
		};
		847F0AEB29A7E450003A8F22 /* MovieListTests */ = {
			isa = PBXNativeTarget;
			buildConfigurationList = 847F0B0329A7E450003A8F22 /* Build configuration list for PBXNativeTarget "MovieListTests" */;
			buildPhases = (
				847F0AE829A7E450003A8F22 /* Sources */,
				847F0AE929A7E450003A8F22 /* Frameworks */,
				847F0AEA29A7E450003A8F22 /* Resources */,
			);
			buildRules = (
			);
			dependencies = (
				847F0AEE29A7E450003A8F22 /* PBXTargetDependency */,
			);
			name = MovieListTests;
			productName = MovieListTests;
			productReference = 847F0AEC29A7E450003A8F22 /* MovieListTests.xctest */;
			productType = "com.apple.product-type.bundle.unit-test";
		};
		847F0AF529A7E450003A8F22 /* MovieListUITests */ = {
			isa = PBXNativeTarget;
			buildConfigurationList = 847F0B0629A7E450003A8F22 /* Build configuration list for PBXNativeTarget "MovieListUITests" */;
			buildPhases = (
				847F0AF229A7E450003A8F22 /* Sources */,
				847F0AF329A7E450003A8F22 /* Frameworks */,
				847F0AF429A7E450003A8F22 /* Resources */,
			);
			buildRules = (
			);
			dependencies = (
				847F0AF829A7E450003A8F22 /* PBXTargetDependency */,
			);
			name = MovieListUITests;
			productName = MovieListUITests;
			productReference = 847F0AF629A7E450003A8F22 /* MovieListUITests.xctest */;
			productType = "com.apple.product-type.bundle.ui-testing";
		};
/* End PBXNativeTarget section */

/* Begin PBXProject section */
		847F0ACE29A7E44F003A8F22 /* Project object */ = {
			isa = PBXProject;
			attributes = {
				BuildIndependentTargetsInParallel = 1;
				LastSwiftUpdateCheck = 1420;
				LastUpgradeCheck = 1420;
				TargetAttributes = {
					847F0AD529A7E44F003A8F22 = {
						CreatedOnToolsVersion = 14.2;
					};
					847F0AEB29A7E450003A8F22 = {
						CreatedOnToolsVersion = 14.2;
						TestTargetID = 847F0AD529A7E44F003A8F22;
					};
					847F0AF529A7E450003A8F22 = {
						CreatedOnToolsVersion = 14.2;
						TestTargetID = 847F0AD529A7E44F003A8F22;
					};
				};
			};
			buildConfigurationList = 847F0AD129A7E44F003A8F22 /* Build configuration list for PBXProject "MovieList" */;
			compatibilityVersion = "Xcode 14.0";
			developmentRegion = en;
			hasScannedForEncodings = 0;
			knownRegions = (
				en,
				Base,
			);
			mainGroup = 847F0ACD29A7E44F003A8F22;
			packageReferences = (
				847F0B1229A7F527003A8F22 /* XCRemoteSwiftPackageReference "TinyConstraints" */,
			);
			productRefGroup = 847F0AD729A7E44F003A8F22 /* Products */;
			projectDirPath = "";
			projectRoot = "";
			targets = (
				847F0AD529A7E44F003A8F22 /* MovieList */,
				847F0AEB29A7E450003A8F22 /* MovieListTests */,
				847F0AF529A7E450003A8F22 /* MovieListUITests */,
			);
		};
/* End PBXProject section */

/* Begin PBXResourcesBuildPhase section */
		847F0AD429A7E44F003A8F22 /* Resources */ = {
			isa = PBXResourcesBuildPhase;
			buildActionMask = 2147483647;
			files = (
				847F0AE329A7E450003A8F22 /* Assets.xcassets in Resources */,
				847F0B5A29A8FA7C003A8F22 /* Localizable.strings in Resources */,
			);
			runOnlyForDeploymentPostprocessing = 0;
		};
		847F0AEA29A7E450003A8F22 /* Resources */ = {
			isa = PBXResourcesBuildPhase;
			buildActionMask = 2147483647;
			files = (
			);
			runOnlyForDeploymentPostprocessing = 0;
		};
		847F0AF429A7E450003A8F22 /* Resources */ = {
			isa = PBXResourcesBuildPhase;
			buildActionMask = 2147483647;
			files = (
			);
			runOnlyForDeploymentPostprocessing = 0;
		};
/* End PBXResourcesBuildPhase section */

/* Begin PBXSourcesBuildPhase section */
		847F0AD229A7E44F003A8F22 /* Sources */ = {
			isa = PBXSourcesBuildPhase;
			buildActionMask = 2147483647;
			files = (
				847F0B4A29A8C58D003A8F22 /* UICollectionView+Extension.swift in Sources */,
				847F0ADE29A7E44F003A8F22 /* MovieListViewController.swift in Sources */,
				847F0B5429A8EE80003A8F22 /* Float+Extension.swift in Sources */,
				847F0B2F29A81C44003A8F22 /* MovieService.swift in Sources */,
				847F0B1629A7F561003A8F22 /* BaseViewModel.swift in Sources */,
				847F0B3629A81E45003A8F22 /* Costansts.swift in Sources */,
				847F0B1829A7F666003A8F22 /* BaseRouter.swift in Sources */,
				847F0B1E29A7FBF1003A8F22 /* MovieListViewModel.swift in Sources */,
				847F0B2029A7FC06003A8F22 /* MovieListRouter.swift in Sources */,
				847F0B1C29A7F70A003A8F22 /* TransitionHelper.swift in Sources */,
				847F0B4429A8BD89003A8F22 /* BaseCollectionViewCell.swift in Sources */,
				847F0B4E29A8D870003A8F22 /* CGSize+Extension.swift in Sources */,
				847F0B3129A81C51003A8F22 /* MovieRequest.swift in Sources */,
				847F0B4829A8BE4D003A8F22 /* UIView+Extension.swift in Sources */,
				847F0B5729A8F758003A8F22 /* L10n.swift in Sources */,
				847F0B2729A7FC9F003A8F22 /* MovieDetailRouter.swift in Sources */,
				847F0B5229A8E9AD003A8F22 /* UIFont+Extension.swift in Sources */,
				847F0B4229A8B9C5003A8F22 /* UIImageView+Extension.swift in Sources */,
				847F0B2529A7FC93003A8F22 /* MovieDetailViewModel.swift in Sources */,
				847F0B2329A7FC88003A8F22 /* MovieDetailViewController.swift in Sources */,
				847F0B4629A8BE18003A8F22 /* ReusableHelper.swift in Sources */,
				847F0B3D29A8B85A003A8F22 /* MovieCollectionViewCellModel.swift in Sources */,
				847F0B1A29A7F6AF003A8F22 /* ClosuresHelper.swift in Sources */,
				847F0ADA29A7E44F003A8F22 /* AppDelegate.swift in Sources */,
				847F0B1129A7F4C3003A8F22 /* BaseViewController.swift in Sources */,
				847F0B3B29A8B84E003A8F22 /* MovieCollectionViewCell.swift in Sources */,
				847F0B5029A8E7D9003A8F22 /* CGFloat+Extension.swift in Sources */,
				847F0B2A29A7FD2F003A8F22 /* MovieDetailRoute.swift in Sources */,
				847F0B4C29A8C8F0003A8F22 /* Double+Extension.swift in Sources */,
				847F0B3829A82C18003A8F22 /* Movie.swift in Sources */,
			);
			runOnlyForDeploymentPostprocessing = 0;
		};
		847F0AE829A7E450003A8F22 /* Sources */ = {
			isa = PBXSourcesBuildPhase;
			buildActionMask = 2147483647;
			files = (
				847F0AF129A7E450003A8F22 /* MovieListTests.swift in Sources */,
			);
			runOnlyForDeploymentPostprocessing = 0;
		};
		847F0AF229A7E450003A8F22 /* Sources */ = {
			isa = PBXSourcesBuildPhase;
			buildActionMask = 2147483647;
			files = (
				847F0AFB29A7E450003A8F22 /* MovieListUITests.swift in Sources */,
				847F0AFD29A7E450003A8F22 /* MovieListUITestsLaunchTests.swift in Sources */,
			);
			runOnlyForDeploymentPostprocessing = 0;
		};
/* End PBXSourcesBuildPhase section */

/* Begin PBXTargetDependency section */
		847F0AEE29A7E450003A8F22 /* PBXTargetDependency */ = {
			isa = PBXTargetDependency;
			target = 847F0AD529A7E44F003A8F22 /* MovieList */;
			targetProxy = 847F0AED29A7E450003A8F22 /* PBXContainerItemProxy */;
		};
		847F0AF829A7E450003A8F22 /* PBXTargetDependency */ = {
			isa = PBXTargetDependency;
			target = 847F0AD529A7E44F003A8F22 /* MovieList */;
			targetProxy = 847F0AF729A7E450003A8F22 /* PBXContainerItemProxy */;
		};
/* End PBXTargetDependency section */

/* Begin PBXVariantGroup section */
		847F0B5C29A8FA7C003A8F22 /* Localizable.strings */ = {
			isa = PBXVariantGroup;
			children = (
				847F0B5B29A8FA7C003A8F22 /* en */,
			);
			name = Localizable.strings;
			sourceTree = "<group>";
		};
/* End PBXVariantGroup section */

/* Begin XCBuildConfiguration section */
		847F0AFE29A7E450003A8F22 /* Debug */ = {
			isa = XCBuildConfiguration;
			buildSettings = {
				ALWAYS_SEARCH_USER_PATHS = NO;
				CLANG_ANALYZER_NONNULL = YES;
				CLANG_ANALYZER_NUMBER_OBJECT_CONVERSION = YES_AGGRESSIVE;
				CLANG_CXX_LANGUAGE_STANDARD = "gnu++20";
				CLANG_ENABLE_MODULES = YES;
				CLANG_ENABLE_OBJC_ARC = YES;
				CLANG_ENABLE_OBJC_WEAK = YES;
				CLANG_WARN_BLOCK_CAPTURE_AUTORELEASING = YES;
				CLANG_WARN_BOOL_CONVERSION = YES;
				CLANG_WARN_COMMA = YES;
				CLANG_WARN_CONSTANT_CONVERSION = YES;
				CLANG_WARN_DEPRECATED_OBJC_IMPLEMENTATIONS = YES;
				CLANG_WARN_DIRECT_OBJC_ISA_USAGE = YES_ERROR;
				CLANG_WARN_DOCUMENTATION_COMMENTS = YES;
				CLANG_WARN_EMPTY_BODY = YES;
				CLANG_WARN_ENUM_CONVERSION = YES;
				CLANG_WARN_INFINITE_RECURSION = YES;
				CLANG_WARN_INT_CONVERSION = YES;
				CLANG_WARN_NON_LITERAL_NULL_CONVERSION = YES;
				CLANG_WARN_OBJC_IMPLICIT_RETAIN_SELF = YES;
				CLANG_WARN_OBJC_LITERAL_CONVERSION = YES;
				CLANG_WARN_OBJC_ROOT_CLASS = YES_ERROR;
				CLANG_WARN_QUOTED_INCLUDE_IN_FRAMEWORK_HEADER = YES;
				CLANG_WARN_RANGE_LOOP_ANALYSIS = YES;
				CLANG_WARN_STRICT_PROTOTYPES = YES;
				CLANG_WARN_SUSPICIOUS_MOVE = YES;
				CLANG_WARN_UNGUARDED_AVAILABILITY = YES_AGGRESSIVE;
				CLANG_WARN_UNREACHABLE_CODE = YES;
				CLANG_WARN__DUPLICATE_METHOD_MATCH = YES;
				COPY_PHASE_STRIP = NO;
				DEBUG_INFORMATION_FORMAT = dwarf;
				ENABLE_STRICT_OBJC_MSGSEND = YES;
				ENABLE_TESTABILITY = YES;
				GCC_C_LANGUAGE_STANDARD = gnu11;
				GCC_DYNAMIC_NO_PIC = NO;
				GCC_NO_COMMON_BLOCKS = YES;
				GCC_OPTIMIZATION_LEVEL = 0;
				GCC_PREPROCESSOR_DEFINITIONS = (
					"DEBUG=1",
					"$(inherited)",
				);
				GCC_WARN_64_TO_32_BIT_CONVERSION = YES;
				GCC_WARN_ABOUT_RETURN_TYPE = YES_ERROR;
				GCC_WARN_UNDECLARED_SELECTOR = YES;
				GCC_WARN_UNINITIALIZED_AUTOS = YES_AGGRESSIVE;
				GCC_WARN_UNUSED_FUNCTION = YES;
				GCC_WARN_UNUSED_VARIABLE = YES;
				IPHONEOS_DEPLOYMENT_TARGET = 16.2;
				MTL_ENABLE_DEBUG_INFO = INCLUDE_SOURCE;
				MTL_FAST_MATH = YES;
				ONLY_ACTIVE_ARCH = YES;
				SDKROOT = iphoneos;
				SWIFT_ACTIVE_COMPILATION_CONDITIONS = DEBUG;
				SWIFT_OPTIMIZATION_LEVEL = "-Onone";
			};
			name = Debug;
		};
		847F0AFF29A7E450003A8F22 /* Release */ = {
			isa = XCBuildConfiguration;
			buildSettings = {
				ALWAYS_SEARCH_USER_PATHS = NO;
				CLANG_ANALYZER_NONNULL = YES;
				CLANG_ANALYZER_NUMBER_OBJECT_CONVERSION = YES_AGGRESSIVE;
				CLANG_CXX_LANGUAGE_STANDARD = "gnu++20";
				CLANG_ENABLE_MODULES = YES;
				CLANG_ENABLE_OBJC_ARC = YES;
				CLANG_ENABLE_OBJC_WEAK = YES;
				CLANG_WARN_BLOCK_CAPTURE_AUTORELEASING = YES;
				CLANG_WARN_BOOL_CONVERSION = YES;
				CLANG_WARN_COMMA = YES;
				CLANG_WARN_CONSTANT_CONVERSION = YES;
				CLANG_WARN_DEPRECATED_OBJC_IMPLEMENTATIONS = YES;
				CLANG_WARN_DIRECT_OBJC_ISA_USAGE = YES_ERROR;
				CLANG_WARN_DOCUMENTATION_COMMENTS = YES;
				CLANG_WARN_EMPTY_BODY = YES;
				CLANG_WARN_ENUM_CONVERSION = YES;
				CLANG_WARN_INFINITE_RECURSION = YES;
				CLANG_WARN_INT_CONVERSION = YES;
				CLANG_WARN_NON_LITERAL_NULL_CONVERSION = YES;
				CLANG_WARN_OBJC_IMPLICIT_RETAIN_SELF = YES;
				CLANG_WARN_OBJC_LITERAL_CONVERSION = YES;
				CLANG_WARN_OBJC_ROOT_CLASS = YES_ERROR;
				CLANG_WARN_QUOTED_INCLUDE_IN_FRAMEWORK_HEADER = YES;
				CLANG_WARN_RANGE_LOOP_ANALYSIS = YES;
				CLANG_WARN_STRICT_PROTOTYPES = YES;
				CLANG_WARN_SUSPICIOUS_MOVE = YES;
				CLANG_WARN_UNGUARDED_AVAILABILITY = YES_AGGRESSIVE;
				CLANG_WARN_UNREACHABLE_CODE = YES;
				CLANG_WARN__DUPLICATE_METHOD_MATCH = YES;
				COPY_PHASE_STRIP = NO;
				DEBUG_INFORMATION_FORMAT = "dwarf-with-dsym";
				ENABLE_NS_ASSERTIONS = NO;
				ENABLE_STRICT_OBJC_MSGSEND = YES;
				GCC_C_LANGUAGE_STANDARD = gnu11;
				GCC_NO_COMMON_BLOCKS = YES;
				GCC_WARN_64_TO_32_BIT_CONVERSION = YES;
				GCC_WARN_ABOUT_RETURN_TYPE = YES_ERROR;
				GCC_WARN_UNDECLARED_SELECTOR = YES;
				GCC_WARN_UNINITIALIZED_AUTOS = YES_AGGRESSIVE;
				GCC_WARN_UNUSED_FUNCTION = YES;
				GCC_WARN_UNUSED_VARIABLE = YES;
				IPHONEOS_DEPLOYMENT_TARGET = 16.2;
				MTL_ENABLE_DEBUG_INFO = NO;
				MTL_FAST_MATH = YES;
				SDKROOT = iphoneos;
				SWIFT_COMPILATION_MODE = wholemodule;
				SWIFT_OPTIMIZATION_LEVEL = "-O";
				VALIDATE_PRODUCT = YES;
			};
			name = Release;
		};
		847F0B0129A7E450003A8F22 /* Debug */ = {
			isa = XCBuildConfiguration;
			buildSettings = {
				ASSETCATALOG_COMPILER_APPICON_NAME = AppIcon;
				ASSETCATALOG_COMPILER_GLOBAL_ACCENT_COLOR_NAME = AccentColor;
				CODE_SIGN_STYLE = Automatic;
				CURRENT_PROJECT_VERSION = 1;
				DEVELOPMENT_TEAM = R2B98N6BH8;
				GENERATE_INFOPLIST_FILE = YES;
				INFOPLIST_FILE = MovieList/Info.plist;
				INFOPLIST_KEY_UIApplicationSupportsIndirectInputEvents = YES;
				INFOPLIST_KEY_UILaunchStoryboardName = LaunchScreen;
				INFOPLIST_KEY_UISupportedInterfaceOrientations_iPad = "UIInterfaceOrientationPortrait UIInterfaceOrientationPortraitUpsideDown UIInterfaceOrientationLandscapeLeft UIInterfaceOrientationLandscapeRight";
				INFOPLIST_KEY_UISupportedInterfaceOrientations_iPhone = "UIInterfaceOrientationPortrait UIInterfaceOrientationLandscapeLeft UIInterfaceOrientationLandscapeRight";
				LD_RUNPATH_SEARCH_PATHS = (
					"$(inherited)",
					"@executable_path/Frameworks",
				);
				MARKETING_VERSION = 1.0;
				PRODUCT_BUNDLE_IDENTIFIER = com.oguzhankabul.MovieList;
				PRODUCT_NAME = "$(TARGET_NAME)";
				SWIFT_EMIT_LOC_STRINGS = YES;
				SWIFT_VERSION = 5.0;
				TARGETED_DEVICE_FAMILY = "1,2";
			};
			name = Debug;
		};
		847F0B0229A7E450003A8F22 /* Release */ = {
			isa = XCBuildConfiguration;
			buildSettings = {
				ASSETCATALOG_COMPILER_APPICON_NAME = AppIcon;
				ASSETCATALOG_COMPILER_GLOBAL_ACCENT_COLOR_NAME = AccentColor;
				CODE_SIGN_STYLE = Automatic;
				CURRENT_PROJECT_VERSION = 1;
				DEVELOPMENT_TEAM = R2B98N6BH8;
				GENERATE_INFOPLIST_FILE = YES;
				INFOPLIST_FILE = MovieList/Info.plist;
				INFOPLIST_KEY_UIApplicationSupportsIndirectInputEvents = YES;
				INFOPLIST_KEY_UILaunchStoryboardName = LaunchScreen;
				INFOPLIST_KEY_UISupportedInterfaceOrientations_iPad = "UIInterfaceOrientationPortrait UIInterfaceOrientationPortraitUpsideDown UIInterfaceOrientationLandscapeLeft UIInterfaceOrientationLandscapeRight";
				INFOPLIST_KEY_UISupportedInterfaceOrientations_iPhone = "UIInterfaceOrientationPortrait UIInterfaceOrientationLandscapeLeft UIInterfaceOrientationLandscapeRight";
				LD_RUNPATH_SEARCH_PATHS = (
					"$(inherited)",
					"@executable_path/Frameworks",
				);
				MARKETING_VERSION = 1.0;
				PRODUCT_BUNDLE_IDENTIFIER = com.oguzhankabul.MovieList;
				PRODUCT_NAME = "$(TARGET_NAME)";
				SWIFT_EMIT_LOC_STRINGS = YES;
				SWIFT_VERSION = 5.0;
				TARGETED_DEVICE_FAMILY = "1,2";
			};
			name = Release;
		};
		847F0B0429A7E450003A8F22 /* Debug */ = {
			isa = XCBuildConfiguration;
			buildSettings = {
				ALWAYS_EMBED_SWIFT_STANDARD_LIBRARIES = YES;
				BUNDLE_LOADER = "$(TEST_HOST)";
				CODE_SIGN_STYLE = Automatic;
				CURRENT_PROJECT_VERSION = 1;
				DEVELOPMENT_TEAM = R2B98N6BH8;
				GENERATE_INFOPLIST_FILE = YES;
				IPHONEOS_DEPLOYMENT_TARGET = 16.2;
				MARKETING_VERSION = 1.0;
				PRODUCT_BUNDLE_IDENTIFIER = com.oguzhankabul.MovieListTests;
				PRODUCT_NAME = "$(TARGET_NAME)";
				SWIFT_EMIT_LOC_STRINGS = NO;
				SWIFT_VERSION = 5.0;
				TARGETED_DEVICE_FAMILY = "1,2";
				TEST_HOST = "$(BUILT_PRODUCTS_DIR)/MovieList.app/$(BUNDLE_EXECUTABLE_FOLDER_PATH)/MovieList";
			};
			name = Debug;
		};
		847F0B0529A7E450003A8F22 /* Release */ = {
			isa = XCBuildConfiguration;
			buildSettings = {
				ALWAYS_EMBED_SWIFT_STANDARD_LIBRARIES = YES;
				BUNDLE_LOADER = "$(TEST_HOST)";
				CODE_SIGN_STYLE = Automatic;
				CURRENT_PROJECT_VERSION = 1;
				DEVELOPMENT_TEAM = R2B98N6BH8;
				GENERATE_INFOPLIST_FILE = YES;
				IPHONEOS_DEPLOYMENT_TARGET = 16.2;
				MARKETING_VERSION = 1.0;
				PRODUCT_BUNDLE_IDENTIFIER = com.oguzhankabul.MovieListTests;
				PRODUCT_NAME = "$(TARGET_NAME)";
				SWIFT_EMIT_LOC_STRINGS = NO;
				SWIFT_VERSION = 5.0;
				TARGETED_DEVICE_FAMILY = "1,2";
				TEST_HOST = "$(BUILT_PRODUCTS_DIR)/MovieList.app/$(BUNDLE_EXECUTABLE_FOLDER_PATH)/MovieList";
			};
			name = Release;
		};
		847F0B0729A7E450003A8F22 /* Debug */ = {
			isa = XCBuildConfiguration;
			buildSettings = {
				ALWAYS_EMBED_SWIFT_STANDARD_LIBRARIES = YES;
				CODE_SIGN_STYLE = Automatic;
				CURRENT_PROJECT_VERSION = 1;
				DEVELOPMENT_TEAM = R2B98N6BH8;
				GENERATE_INFOPLIST_FILE = YES;
				MARKETING_VERSION = 1.0;
				PRODUCT_BUNDLE_IDENTIFIER = com.oguzhankabul.MovieListUITests;
				PRODUCT_NAME = "$(TARGET_NAME)";
				SWIFT_EMIT_LOC_STRINGS = NO;
				SWIFT_VERSION = 5.0;
				TARGETED_DEVICE_FAMILY = "1,2";
				TEST_TARGET_NAME = MovieList;
			};
			name = Debug;
		};
		847F0B0829A7E450003A8F22 /* Release */ = {
			isa = XCBuildConfiguration;
			buildSettings = {
				ALWAYS_EMBED_SWIFT_STANDARD_LIBRARIES = YES;
				CODE_SIGN_STYLE = Automatic;
				CURRENT_PROJECT_VERSION = 1;
				DEVELOPMENT_TEAM = R2B98N6BH8;
				GENERATE_INFOPLIST_FILE = YES;
				MARKETING_VERSION = 1.0;
				PRODUCT_BUNDLE_IDENTIFIER = com.oguzhankabul.MovieListUITests;
				PRODUCT_NAME = "$(TARGET_NAME)";
				SWIFT_EMIT_LOC_STRINGS = NO;
				SWIFT_VERSION = 5.0;
				TARGETED_DEVICE_FAMILY = "1,2";
				TEST_TARGET_NAME = MovieList;
			};
			name = Release;
		};
/* End XCBuildConfiguration section */

/* Begin XCConfigurationList section */
		847F0AD129A7E44F003A8F22 /* Build configuration list for PBXProject "MovieList" */ = {
			isa = XCConfigurationList;
			buildConfigurations = (
				847F0AFE29A7E450003A8F22 /* Debug */,
				847F0AFF29A7E450003A8F22 /* Release */,
			);
			defaultConfigurationIsVisible = 0;
			defaultConfigurationName = Release;
		};
		847F0B0029A7E450003A8F22 /* Build configuration list for PBXNativeTarget "MovieList" */ = {
			isa = XCConfigurationList;
			buildConfigurations = (
				847F0B0129A7E450003A8F22 /* Debug */,
				847F0B0229A7E450003A8F22 /* Release */,
			);
			defaultConfigurationIsVisible = 0;
			defaultConfigurationName = Release;
		};
		847F0B0329A7E450003A8F22 /* Build configuration list for PBXNativeTarget "MovieListTests" */ = {
			isa = XCConfigurationList;
			buildConfigurations = (
				847F0B0429A7E450003A8F22 /* Debug */,
				847F0B0529A7E450003A8F22 /* Release */,
			);
			defaultConfigurationIsVisible = 0;
			defaultConfigurationName = Release;
		};
		847F0B0629A7E450003A8F22 /* Build configuration list for PBXNativeTarget "MovieListUITests" */ = {
			isa = XCConfigurationList;
			buildConfigurations = (
				847F0B0729A7E450003A8F22 /* Debug */,
				847F0B0829A7E450003A8F22 /* Release */,
			);
			defaultConfigurationIsVisible = 0;
			defaultConfigurationName = Release;
		};
/* End XCConfigurationList section */

/* Begin XCRemoteSwiftPackageReference section */
		847F0B1229A7F527003A8F22 /* XCRemoteSwiftPackageReference "TinyConstraints" */ = {
			isa = XCRemoteSwiftPackageReference;
			repositoryURL = "https://github.com/roberthein/TinyConstraints.git";
			requirement = {
				kind = upToNextMajorVersion;
				minimumVersion = 4.0.0;
			};
		};
/* End XCRemoteSwiftPackageReference section */

/* Begin XCSwiftPackageProductDependency section */
		847F0B1329A7F527003A8F22 /* TinyConstraints */ = {
			isa = XCSwiftPackageProductDependency;
			package = 847F0B1229A7F527003A8F22 /* XCRemoteSwiftPackageReference "TinyConstraints" */;
			productName = TinyConstraints;
		};
/* End XCSwiftPackageProductDependency section */
	};
	rootObject = 847F0ACE29A7E44F003A8F22 /* Project object */;
}
